
Microsoft Visual Studio Solution File, Format Version 12.00
# Visual Studio 15
VisualStudioVersion = 15.0.28307.1022
MinimumVisualStudioVersion = 10.0.40219.1
Project("{FAE04EC0-301F-11D3-BF4B-00C04F79EFBC}") = "BlogApp", "BlogApp\BlogApp.csproj", "{5F34BE88-BEB7-48C4-8ED3-BF6D952A22BE}"
EndProject
Global
	GlobalSection(SolutionConfigurationPlatforms) = preSolution
		Debug|Any CPU = Debug|Any CPU
		Release|Any CPU = Release|Any CPU
	EndGlobalSection
	GlobalSection(ProjectConfigurationPlatforms) = postSolution
		{5F34BE88-BEB7-48C4-8ED3-BF6D952A22BE}.Debug|Any CPU.ActiveCfg = Debug|Any CPU
		{5F34BE88-BEB7-48C4-8ED3-BF6D952A22BE}.Debug|Any CPU.Build.0 = Debug|Any CPU
		{5F34BE88-BEB7-48C4-8ED3-BF6D952A22BE}.Release|Any CPU.ActiveCfg = Release|Any CPU
		{5F34BE88-BEB7-48C4-8ED3-BF6D952A22BE}.Release|Any CPU.Build.0 = Release|Any CPU
	EndGlobalSection
	GlobalSection(SolutionProperties) = preSolution
		HideSolutionNode = FALSE
	EndGlobalSection
	GlobalSection(ExtensibilityGlobals) = postSolution
		SolutionGuid = {DE67951E-30B2-42AA-A597-6632359C2B09}
	EndGlobalSection
EndGlobal
